
Microsoft Visual Studio Solution File, Format Version 11.00
# Visual Studio 2010
# SharpDevelop 4.3
Project("{FAE04EC0-301F-11D3-BF4B-00C04F79EFBC}") = "LetItGo", "LetItGo.csproj", "{C511D7DB-FC43-453A-B85D-F58C17100554}"
EndProject
Global
	GlobalSection(SolutionConfigurationPlatforms) = preSolution
		Debug|Any CPU = Debug|Any CPU
		Release|Any CPU = Release|Any CPU
	EndGlobalSection
	GlobalSection(ProjectConfigurationPlatforms) = postSolution
		{C511D7DB-FC43-453A-B85D-F58C17100554}.Debug|Any CPU.Build.0 = Debug|Any CPU
		{C511D7DB-FC43-453A-B85D-F58C17100554}.Debug|Any CPU.ActiveCfg = Debug|Any CPU
		{C511D7DB-FC43-453A-B85D-F58C17100554}.Release|Any CPU.Build.0 = Release|Any CPU
		{C511D7DB-FC43-453A-B85D-F58C17100554}.Release|Any CPU.ActiveCfg = Release|Any CPU
	EndGlobalSection
EndGlobal
